
Microsoft Visual Studio Solution File, Format Version 12.00
# Visual Studio 2013
VisualStudioVersion = 12.0.21005.1
MinimumVisualStudioVersion = 10.0.40219.1
Project("{8BC9CEB8-8B4A-11D0-8D11-00A0C91BC942}") = "Project6.15", "Project6.15\Project6.15.vcxproj", "{A06B906F-9858-40B2-A65C-FA8A41A7466C}"
EndProject
Global
	GlobalSection(SolutionConfigurationPlatforms) = preSolution
		Debug|Win32 = Debug|Win32
		Release|Win32 = Release|Win32
	EndGlobalSection
	GlobalSection(ProjectConfigurationPlatforms) = postSolution
		{A06B906F-9858-40B2-A65C-FA8A41A7466C}.Debug|Win32.ActiveCfg = Debug|Win32
		{A06B906F-9858-40B2-A65C-FA8A41A7466C}.Debug|Win32.Build.0 = Debug|Win32
		{A06B906F-9858-40B2-A65C-FA8A41A7466C}.Release|Win32.ActiveCfg = Release|Win32
		{A06B906F-9858-40B2-A65C-FA8A41A7466C}.Release|Win32.Build.0 = Release|Win32
	EndGlobalSection
	GlobalSection(SolutionProperties) = preSolution
		HideSolutionNode = FALSE
	EndGlobalSection
EndGlobal
